
Microsoft Visual Studio Solution File, Format Version 12.00
# Visual Studio Version 16
VisualStudioVersion = 16.0.31624.102
MinimumVisualStudioVersion = 10.0.40219.1
Project("{9A19103F-16F7-4668-BE54-9A1E7A4F7556}") = "PCarsTools", "PCarsTools\PCarsTools.csproj", "{F5711609-0ECD-4C86-9327-F67BB502FC3B}"
EndProject
Global
	GlobalSection(SolutionConfigurationPlatforms) = preSolution
		Debug|Any CPU = Debug|Any CPU
		Release|Any CPU = Release|Any CPU
	EndGlobalSection
	GlobalSection(ProjectConfigurationPlatforms) = postSolution
		{F5711609-0ECD-4C86-9327-F67BB502FC3B}.Debug|Any CPU.ActiveCfg = Debug|Any CPU
		{F5711609-0ECD-4C86-9327-F67BB502FC3B}.Debug|Any CPU.Build.0 = Debug|Any CPU
		{F5711609-0ECD-4C86-9327-F67BB502FC3B}.Release|Any CPU.ActiveCfg = Release|Any CPU
		{F5711609-0ECD-4C86-9327-F67BB502FC3B}.Release|Any CPU.Build.0 = Release|Any CPU
	EndGlobalSection
	GlobalSection(SolutionProperties) = preSolution
		HideSolutionNode = FALSE
	EndGlobalSection
	GlobalSection(ExtensibilityGlobals) = postSolution
		SolutionGuid = {E2563FB7-2187-4DA5-9A1D-DA4A212ABDA0}
	EndGlobalSection
EndGlobal
